# THIS IS AN AUTOGENERATED FILE. DO NOT EDIT THIS FILE DIRECTLY.
# yarn lockfile v1


sortablejs@^1.8.4:
  version "1.10.2"
  resolved "https://registry.npm.taobao.org/sortablejs/download/sortablejs-1.10.2.tgz#6e40364d913f98b85a14f6678f92b5c1221f5290"
  integrity sha1-bkA2TZE/mLhaFPZnj5K1wSIfUpA=

vuedraggable@2.19.2:
  version "2.19.2"
  resolved "https://registry.npm.taobao.org/vuedraggable/download/vuedraggable-2.19.2.tgz#a82a35e081eb63272c53c71b51b7e4e4f906e394"
  integrity sha1-qCo14IHrYycsU8cbUbfk5PkG45Q=
  dependencies:
    sortablejs "^1.8.4"
