# THIS IS AN AUTOGENERATED FILE. DO NOT EDIT THIS FILE DIRECTLY.
# yarn lockfile v1


highlight.js@^11.2.0:
  version "11.2.0"
  resolved "https://registry.nlark.com/highlight.js/download/highlight.js-11.2.0.tgz#a7e3b8c1fdc4f0538b93b2dc2ddd53a40c6ab0f0"
  integrity sha1-p+O4wf3E8FOLk7LcLd1TpAxqsPA=
