# THIS IS AN AUTOGENERATED FILE. DO NOT EDIT THIS FILE DIRECTLY.
# yarn lockfile v1


bignumber.js@4.0.2:
  version "4.0.2"
  resolved "https://registry.npm.taobao.org/bignumber.js/download/bignumber.js-4.0.2.tgz#2d1dc37ee5968867ecea90b6da4d16e68608d21d"
  integrity sha1-LR3DfuWWiGfs6pC22k0W5oYI0h0=

lodash@4.17.11:
  version "4.17.11"
  resolved "https://registry.npm.taobao.org/lodash/download/lodash-4.17.11.tgz?cache=0&sync_timestamp=1594226931791&other_urls=https%3A%2F%2Fregistry.npm.taobao.org%2Flodash%2Fdownload%2Flodash-4.17.11.tgz#b39ea6229ef607ecd89e2c8df12536891cac9b8d"
  integrity sha1-s56mIp72B+zYniyN8SU2iRysm40=

moment@2.24.0:
  version "2.24.0"
  resolved "https://registry.npm.taobao.org/moment/download/moment-2.24.0.tgz?cache=0&other_urls=https%3A%2F%2Fregistry.npm.taobao.org%2Fmoment%2Fdownload%2Fmoment-2.24.0.tgz#0d055d53f5052aa653c9f6eb68bb5d12bf5c2b5b"
  integrity sha1-DQVdU/UFKqZTyfbraLtdEr9cK1s=

qs@6.7.0:
  version "6.7.0"
  resolved "https://registry.npm.taobao.org/qs/download/qs-6.7.0.tgz#41dc1a015e3d581f1621776be31afb2876a9b1bc"
  integrity sha1-QdwaAV49WB8WIXdr4xr7KHapsbw=
