# THIS IS AN AUTOGENERATED FILE. DO NOT EDIT THIS FILE DIRECTLY.
# yarn lockfile v1


vue@2.6.14:
  version "2.6.14"
  resolved "https://registry.nlark.com/vue/download/vue-2.6.14.tgz?cache=0&sync_timestamp=1627426471885&other_urls=https%3A%2F%2Fregistry.nlark.com%2Fvue%2Fdownload%2Fvue-2.6.14.tgz#e51aa5250250d569a3fbad3a8a5a687d6036e235"
  integrity sha1-5RqlJQJQ1Wmj+606ilpofWA24jU=
